// !$*UTF8*$!
{
	archiveVersion = 1;
	classes = {
	};
	objectVersion = 50;
	objects = {

/* Begin PBXBuildFile section */
		8A0536FD2148C0DC000E46AB /* AppDelegate.swift in Sources */ = {isa = PBXBuildFile; fileRef = 8A0536FC2148C0DC000E46AB /* AppDelegate.swift */; };
		8A0536FF2148C0DC000E46AB /* MainViewController.swift in Sources */ = {isa = PBXBuildFile; fileRef = 8A0536FE2148C0DC000E46AB /* MainViewController.swift */; };
		8A0537022148C0DC000E46AB /* Main.storyboard in Resources */ = {isa = PBXBuildFile; fileRef = 8A0537002148C0DC000E46AB /* Main.storyboard */; };
		8A0537042148C0DE000E46AB /* Assets.xcassets in Resources */ = {isa = PBXBuildFile; fileRef = 8A0537032148C0DE000E46AB /* Assets.xcassets */; };
		8A0537072148C0DE000E46AB /* LaunchScreen.storyboard in Resources */ = {isa = PBXBuildFile; fileRef = 8A0537052148C0DE000E46AB /* LaunchScreen.storyboard */; };
		8A0537132148D128000E46AB /* PokemonSearchViewController.swift in Sources */ = {isa = PBXBuildFile; fileRef = 8A0537122148D128000E46AB /* PokemonSearchViewController.swift */; };
		8A0537152148D432000E46AB /* PokemonSearchViewController-TableView.swift in Sources */ = {isa = PBXBuildFile; fileRef = 8A0537142148D432000E46AB /* PokemonSearchViewController-TableView.swift */; };
		8A0537172148D483000E46AB /* PokemonCell.swift in Sources */ = {isa = PBXBuildFile; fileRef = 8A0537162148D483000E46AB /* PokemonCell.swift */; };
		8A9A5302214B2A8900A138F6 /* TypeCell.swift in Sources */ = {isa = PBXBuildFile; fileRef = 8A9A5301214B2A8900A138F6 /* TypeCell.swift */; };
		8A9A5305214B340200A138F6 /* PokemonGenerator.swift in Sources */ = {isa = PBXBuildFile; fileRef = 8A9A5303214B340100A138F6 /* PokemonGenerator.swift */; };
		8A9A5306214B340200A138F6 /* Pokemon.swift in Sources */ = {isa = PBXBuildFile; fileRef = 8A9A5304214B340100A138F6 /* Pokemon.swift */; };
		8A9A5308214B460500A138F6 /* pokeData.json in Resources */ = {isa = PBXBuildFile; fileRef = 8A9A5307214B460300A138F6 /* pokeData.json */; };
		8A9A530A214B7D1F00A138F6 /* ProfileViewController.swift in Sources */ = {isa = PBXBuildFile; fileRef = 8A9A5309214B7D1F00A138F6 /* ProfileViewController.swift */; };
		BD77E6CE2149CBAD00C21228 /* Constants.swift in Sources */ = {isa = PBXBuildFile; fileRef = BD77E6CC2149CBAD00C21228 /* Constants.swift */; };
		BD77E6CF2149CBAD00C21228 /* CategoryViewController.swift in Sources */ = {isa = PBXBuildFile; fileRef = BD77E6CD2149CBAD00C21228 /* CategoryViewController.swift */; };
		BD77E6D12149D88A00C21228 /* PointSearchViewController.swift in Sources */ = {isa = PBXBuildFile; fileRef = BD77E6D02149D88A00C21228 /* PointSearchViewController.swift */; };
		BD77E6D32149D8DC00C21228 /* TypeSearchViewController.swift in Sources */ = {isa = PBXBuildFile; fileRef = BD77E6D22149D8DC00C21228 /* TypeSearchViewController.swift */; };
/* End PBXBuildFile section */

/* Begin PBXFileReference section */
		8A0536F92148C0DC000E46AB /* Pokedex-MDB.app */ = {isa = PBXFileReference; explicitFileType = wrapper.application; includeInIndex = 0; path = "Pokedex-MDB.app"; sourceTree = BUILT_PRODUCTS_DIR; };
		8A0536FC2148C0DC000E46AB /* AppDelegate.swift */ = {isa = PBXFileReference; lastKnownFileType = sourcecode.swift; path = AppDelegate.swift; sourceTree = "<group>"; };
		8A0536FE2148C0DC000E46AB /* MainViewController.swift */ = {isa = PBXFileReference; lastKnownFileType = sourcecode.swift; path = MainViewController.swift; sourceTree = "<group>"; };
		8A0537012148C0DC000E46AB /* Base */ = {isa = PBXFileReference; lastKnownFileType = file.storyboard; name = Base; path = Base.lproj/Main.storyboard; sourceTree = "<group>"; };
		8A0537032148C0DE000E46AB /* Assets.xcassets */ = {isa = PBXFileReference; lastKnownFileType = folder.assetcatalog; path = Assets.xcassets; sourceTree = "<group>"; };
		8A0537062148C0DE000E46AB /* Base */ = {isa = PBXFileReference; lastKnownFileType = file.storyboard; name = Base; path = Base.lproj/LaunchScreen.storyboard; sourceTree = "<group>"; };
		8A0537082148C0DE000E46AB /* Info.plist */ = {isa = PBXFileReference; lastKnownFileType = text.plist.xml; path = Info.plist; sourceTree = "<group>"; };
		8A0537122148D128000E46AB /* PokemonSearchViewController.swift */ = {isa = PBXFileReference; lastKnownFileType = sourcecode.swift; path = PokemonSearchViewController.swift; sourceTree = "<group>"; };
		8A0537142148D432000E46AB /* PokemonSearchViewController-TableView.swift */ = {isa = PBXFileReference; lastKnownFileType = sourcecode.swift; path = "PokemonSearchViewController-TableView.swift"; sourceTree = "<group>"; };
		8A0537162148D483000E46AB /* PokemonCell.swift */ = {isa = PBXFileReference; lastKnownFileType = sourcecode.swift; path = PokemonCell.swift; sourceTree = "<group>"; };
		8A9A5301214B2A8900A138F6 /* TypeCell.swift */ = {isa = PBXFileReference; lastKnownFileType = sourcecode.swift; path = TypeCell.swift; sourceTree = "<group>"; };
		8A9A5303214B340100A138F6 /* PokemonGenerator.swift */ = {isa = PBXFileReference; fileEncoding = 4; lastKnownFileType = sourcecode.swift; path = PokemonGenerator.swift; sourceTree = "<group>"; };
		8A9A5304214B340100A138F6 /* Pokemon.swift */ = {isa = PBXFileReference; fileEncoding = 4; lastKnownFileType = sourcecode.swift; path = Pokemon.swift; sourceTree = "<group>"; };
		8A9A5307214B460300A138F6 /* pokeData.json */ = {isa = PBXFileReference; fileEncoding = 4; lastKnownFileType = text.json; path = pokeData.json; sourceTree = "<group>"; };
		8A9A5309214B7D1F00A138F6 /* ProfileViewController.swift */ = {isa = PBXFileReference; lastKnownFileType = sourcecode.swift; path = ProfileViewController.swift; sourceTree = "<group>"; };
		BD77E6CC2149CBAD00C21228 /* Constants.swift */ = {isa = PBXFileReference; fileEncoding = 4; lastKnownFileType = sourcecode.swift; path = Constants.swift; sourceTree = "<group>"; };
		BD77E6CD2149CBAD00C21228 /* CategoryViewController.swift */ = {isa = PBXFileReference; fileEncoding = 4; lastKnownFileType = sourcecode.swift; path = CategoryViewController.swift; sourceTree = "<group>"; };
		BD77E6D02149D88A00C21228 /* PointSearchViewController.swift */ = {isa = PBXFileReference; lastKnownFileType = sourcecode.swift; path = PointSearchViewController.swift; sourceTree = "<group>"; };
		BD77E6D22149D8DC00C21228 /* TypeSearchViewController.swift */ = {isa = PBXFileReference; lastKnownFileType = sourcecode.swift; path = TypeSearchViewController.swift; sourceTree = "<group>"; };
/* End PBXFileReference section */

/* Begin PBXFrameworksBuildPhase section */
		8A0536F62148C0DC000E46AB /* Frameworks */ = {
			isa = PBXFrameworksBuildPhase;
			buildActionMask = 2147483647;
			files = (
			);
			runOnlyForDeploymentPostprocessing = 0;
		};
/* End PBXFrameworksBuildPhase section */

/* Begin PBXGroup section */
		8A0536F02148C0DC000E46AB = {
			isa = PBXGroup;
			children = (
				8A0536FB2148C0DC000E46AB /* Pokedex-MDB */,
				8A0536FA2148C0DC000E46AB /* Products */,
			);
			sourceTree = "<group>";
		};
		8A0536FA2148C0DC000E46AB /* Products */ = {
			isa = PBXGroup;
			children = (
				8A0536F92148C0DC000E46AB /* Pokedex-MDB.app */,
			);
			name = Products;
			sourceTree = "<group>";
		};
		8A0536FB2148C0DC000E46AB /* Pokedex-MDB */ = {
			isa = PBXGroup;
			children = (
				BD77E6CC2149CBAD00C21228 /* Constants.swift */,
				8A0536FC2148C0DC000E46AB /* AppDelegate.swift */,
				8A0536FE2148C0DC000E46AB /* MainViewController.swift */,
				BD77E6CD2149CBAD00C21228 /* CategoryViewController.swift */,
				BD77E6D22149D8DC00C21228 /* TypeSearchViewController.swift */,
				8A9A5304214B340100A138F6 /* Pokemon.swift */,
				8A9A5303214B340100A138F6 /* PokemonGenerator.swift */,
				BD77E6D02149D88A00C21228 /* PointSearchViewController.swift */,
				8A0537122148D128000E46AB /* PokemonSearchViewController.swift */,
				8A0537142148D432000E46AB /* PokemonSearchViewController-TableView.swift */,
				8A0537162148D483000E46AB /* PokemonCell.swift */,
				8A9A5309214B7D1F00A138F6 /* ProfileViewController.swift */,
				8A9A5301214B2A8900A138F6 /* TypeCell.swift */,
				8A9A5307214B460300A138F6 /* pokeData.json */,
				8A0537032148C0DE000E46AB /* Assets.xcassets */,
				8A0537002148C0DC000E46AB /* Main.storyboard */,
				8A0537052148C0DE000E46AB /* LaunchScreen.storyboard */,
				8A0537082148C0DE000E46AB /* Info.plist */,
			);
			path = "Pokedex-MDB";
			sourceTree = "<group>";
		};
/* End PBXGroup section */

/* Begin PBXNativeTarget section */
		8A0536F82148C0DC000E46AB /* Pokedex-MDB */ = {
			isa = PBXNativeTarget;
			buildConfigurationList = 8A05370B2148C0DE000E46AB /* Build configuration list for PBXNativeTarget "Pokedex-MDB" */;
			buildPhases = (
				8A0536F52148C0DC000E46AB /* Sources */,
				8A0536F62148C0DC000E46AB /* Frameworks */,
				8A0536F72148C0DC000E46AB /* Resources */,
			);
			buildRules = (
			);
			dependencies = (
			);
			name = "Pokedex-MDB";
			productName = "Pokedex-MDB";
			productReference = 8A0536F92148C0DC000E46AB /* Pokedex-MDB.app */;
			productType = "com.apple.product-type.application";
		};
/* End PBXNativeTarget section */

/* Begin PBXProject section */
		8A0536F12148C0DC000E46AB /* Project object */ = {
			isa = PBXProject;
			attributes = {
				LastSwiftUpdateCheck = 0940;
				LastUpgradeCheck = 0940;
				ORGANIZATIONNAME = "Brandon David";
				TargetAttributes = {
					8A0536F82148C0DC000E46AB = {
						CreatedOnToolsVersion = 9.4.1;
					};
				};
			};
			buildConfigurationList = 8A0536F42148C0DC000E46AB /* Build configuration list for PBXProject "Pokedex-MDB" */;
			compatibilityVersion = "Xcode 9.3";
			developmentRegion = en;
			hasScannedForEncodings = 0;
			knownRegions = (
				en,
				Base,
			);
			mainGroup = 8A0536F02148C0DC000E46AB;
			productRefGroup = 8A0536FA2148C0DC000E46AB /* Products */;
			projectDirPath = "";
			projectRoot = "";
			targets = (
				8A0536F82148C0DC000E46AB /* Pokedex-MDB */,
			);
		};
/* End PBXProject section */

/* Begin PBXResourcesBuildPhase section */
		8A0536F72148C0DC000E46AB /* Resources */ = {
			isa = PBXResourcesBuildPhase;
			buildActionMask = 2147483647;
			files = (
				8A0537072148C0DE000E46AB /* LaunchScreen.storyboard in Resources */,
				8A0537042148C0DE000E46AB /* Assets.xcassets in Resources */,
				8A9A5308214B460500A138F6 /* pokeData.json in Resources */,
				8A0537022148C0DC000E46AB /* Main.storyboard in Resources */,
			);
			runOnlyForDeploymentPostprocessing = 0;
		};
/* End PBXResourcesBuildPhase section */

/* Begin PBXSourcesBuildPhase section */
		8A0536F52148C0DC000E46AB /* Sources */ = {
			isa = PBXSourcesBuildPhase;
			buildActionMask = 2147483647;
			files = (
				8A0537152148D432000E46AB /* PokemonSearchViewController-TableView.swift in Sources */,
				8A9A5302214B2A8900A138F6 /* TypeCell.swift in Sources */,
				BD77E6D32149D8DC00C21228 /* TypeSearchViewController.swift in Sources */,
				8A0537172148D483000E46AB /* PokemonCell.swift in Sources */,
				8A0536FF2148C0DC000E46AB /* MainViewController.swift in Sources */,
				8A9A5306214B340200A138F6 /* Pokemon.swift in Sources */,
				BD77E6D12149D88A00C21228 /* PointSearchViewController.swift in Sources */,
				8A0537132148D128000E46AB /* PokemonSearchViewController.swift in Sources */,
				8A0536FD2148C0DC000E46AB /* AppDelegate.swift in Sources */,
				BD77E6CF2149CBAD00C21228 /* CategoryViewController.swift in Sources */,
				8A9A530A214B7D1F00A138F6 /* ProfileViewController.swift in Sources */,
				8A9A5305214B340200A138F6 /* PokemonGenerator.swift in Sources */,
				BD77E6CE2149CBAD00C21228 /* Constants.swift in Sources */,
			);
			runOnlyForDeploymentPostprocessing = 0;
		};
/* End PBXSourcesBuildPhase section */

/* Begin PBXVariantGroup section */
		8A0537002148C0DC000E46AB /* Main.storyboard */ = {
			isa = PBXVariantGroup;
			children = (
				8A0537012148C0DC000E46AB /* Base */,
			);
			name = Main.storyboard;
			sourceTree = "<group>";
		};
		8A0537052148C0DE000E46AB /* LaunchScreen.storyboard */ = {
			isa = PBXVariantGroup;
			children = (
				8A0537062148C0DE000E46AB /* Base */,
			);
			name = LaunchScreen.storyboard;
			sourceTree = "<group>";
		};
/* End PBXVariantGroup section */

/* Begin XCBuildConfiguration section */
		8A0537092148C0DE000E46AB /* Debug */ = {
			isa = XCBuildConfiguration;
			buildSettings = {
				ALWAYS_SEARCH_USER_PATHS = NO;
				CLANG_ANALYZER_NONNULL = YES;
				CLANG_ANALYZER_NUMBER_OBJECT_CONVERSION = YES_AGGRESSIVE;
				CLANG_CXX_LANGUAGE_STANDARD = "gnu++14";
				CLANG_CXX_LIBRARY = "libc++";
				CLANG_ENABLE_MODULES = YES;
				CLANG_ENABLE_OBJC_ARC = YES;
				CLANG_ENABLE_OBJC_WEAK = YES;
				CLANG_WARN_BLOCK_CAPTURE_AUTORELEASING = YES;
				CLANG_WARN_BOOL_CONVERSION = YES;
				CLANG_WARN_COMMA = YES;
				CLANG_WARN_CONSTANT_CONVERSION = YES;
				CLANG_WARN_DEPRECATED_OBJC_IMPLEMENTATIONS = YES;
				CLANG_WARN_DIRECT_OBJC_ISA_USAGE = YES_ERROR;
				CLANG_WARN_DOCUMENTATION_COMMENTS = YES;
				CLANG_WARN_EMPTY_BODY = YES;
				CLANG_WARN_ENUM_CONVERSION = YES;
				CLANG_WARN_INFINITE_RECURSION = YES;
				CLANG_WARN_INT_CONVERSION = YES;
				CLANG_WARN_NON_LITERAL_NULL_CONVERSION = YES;
				CLANG_WARN_OBJC_IMPLICIT_RETAIN_SELF = YES;
				CLANG_WARN_OBJC_LITERAL_CONVERSION = YES;
				CLANG_WARN_OBJC_ROOT_CLASS = YES_ERROR;
				CLANG_WARN_RANGE_LOOP_ANALYSIS = YES;
				CLANG_WARN_STRICT_PROTOTYPES = YES;
				CLANG_WARN_SUSPICIOUS_MOVE = YES;
				CLANG_WARN_UNGUARDED_AVAILABILITY = YES_AGGRESSIVE;
				CLANG_WARN_UNREACHABLE_CODE = YES;
				CLANG_WARN__DUPLICATE_METHOD_MATCH = YES;
				CODE_SIGN_IDENTITY = "iPhone Developer";
				COPY_PHASE_STRIP = NO;
				DEBUG_INFORMATION_FORMAT = dwarf;
				ENABLE_STRICT_OBJC_MSGSEND = YES;
				ENABLE_TESTABILITY = YES;
				GCC_C_LANGUAGE_STANDARD = gnu11;
				GCC_DYNAMIC_NO_PIC = NO;
				GCC_NO_COMMON_BLOCKS = YES;
				GCC_OPTIMIZATION_LEVEL = 0;
				GCC_PREPROCESSOR_DEFINITIONS = (
					"DEBUG=1",
					"$(inherited)",
				);
				GCC_WARN_64_TO_32_BIT_CONVERSION = YES;
				GCC_WARN_ABOUT_RETURN_TYPE = YES_ERROR;
				GCC_WARN_UNDECLARED_SELECTOR = YES;
				GCC_WARN_UNINITIALIZED_AUTOS = YES_AGGRESSIVE;
				GCC_WARN_UNUSED_FUNCTION = YES;
				GCC_WARN_UNUSED_VARIABLE = YES;
				IPHONEOS_DEPLOYMENT_TARGET = 11.4;
				MTL_ENABLE_DEBUG_INFO = YES;
				ONLY_ACTIVE_ARCH = YES;
				SDKROOT = iphoneos;
				SWIFT_ACTIVE_COMPILATION_CONDITIONS = DEBUG;
				SWIFT_OPTIMIZATION_LEVEL = "-Onone";
			};
			name = Debug;
		};
		8A05370A2148C0DE000E46AB /* Release */ = {
			isa = XCBuildConfiguration;
			buildSettings = {
				ALWAYS_SEARCH_USER_PATHS = NO;
				CLANG_ANALYZER_NONNULL = YES;
				CLANG_ANALYZER_NUMBER_OBJECT_CONVERSION = YES_AGGRESSIVE;
				CLANG_CXX_LANGUAGE_STANDARD = "gnu++14";
				CLANG_CXX_LIBRARY = "libc++";
				CLANG_ENABLE_MODULES = YES;
				CLANG_ENABLE_OBJC_ARC = YES;
				CLANG_ENABLE_OBJC_WEAK = YES;
				CLANG_WARN_BLOCK_CAPTURE_AUTORELEASING = YES;
				CLANG_WARN_BOOL_CONVERSION = YES;
				CLANG_WARN_COMMA = YES;
				CLANG_WARN_CONSTANT_CONVERSION = YES;
				CLANG_WARN_DEPRECATED_OBJC_IMPLEMENTATIONS = YES;
				CLANG_WARN_DIRECT_OBJC_ISA_USAGE = YES_ERROR;
				CLANG_WARN_DOCUMENTATION_COMMENTS = YES;
				CLANG_WARN_EMPTY_BODY = YES;
				CLANG_WARN_ENUM_CONVERSION = YES;
				CLANG_WARN_INFINITE_RECURSION = YES;
				CLANG_WARN_INT_CONVERSION = YES;
				CLANG_WARN_NON_LITERAL_NULL_CONVERSION = YES;
				CLANG_WARN_OBJC_IMPLICIT_RETAIN_SELF = YES;
				CLANG_WARN_OBJC_LITERAL_CONVERSION = YES;
				CLANG_WARN_OBJC_ROOT_CLASS = YES_ERROR;
				CLANG_WARN_RANGE_LOOP_ANALYSIS = YES;
				CLANG_WARN_STRICT_PROTOTYPES = YES;
				CLANG_WARN_SUSPICIOUS_MOVE = YES;
				CLANG_WARN_UNGUARDED_AVAILABILITY = YES_AGGRESSIVE;
				CLANG_WARN_UNREACHABLE_CODE = YES;
				CLANG_WARN__DUPLICATE_METHOD_MATCH = YES;
				CODE_SIGN_IDENTITY = "iPhone Developer";
				COPY_PHASE_STRIP = NO;
				DEBUG_INFORMATION_FORMAT = "dwarf-with-dsym";
				ENABLE_NS_ASSERTIONS = NO;
				ENABLE_STRICT_OBJC_MSGSEND = YES;
				GCC_C_LANGUAGE_STANDARD = gnu11;
				GCC_NO_COMMON_BLOCKS = YES;
				GCC_WARN_64_TO_32_BIT_CONVERSION = YES;
				GCC_WARN_ABOUT_RETURN_TYPE = YES_ERROR;
				GCC_WARN_UNDECLARED_SELECTOR = YES;
				GCC_WARN_UNINITIALIZED_AUTOS = YES_AGGRESSIVE;
				GCC_WARN_UNUSED_FUNCTION = YES;
				GCC_WARN_UNUSED_VARIABLE = YES;
				IPHONEOS_DEPLOYMENT_TARGET = 11.4;
				MTL_ENABLE_DEBUG_INFO = NO;
				SDKROOT = iphoneos;
				SWIFT_COMPILATION_MODE = wholemodule;
				SWIFT_OPTIMIZATION_LEVEL = "-O";
				VALIDATE_PRODUCT = YES;
			};
			name = Release;
		};
		8A05370C2148C0DE000E46AB /* Debug */ = {
			isa = XCBuildConfiguration;
			buildSettings = {
				ASSETCATALOG_COMPILER_APPICON_NAME = AppIcon;
				CODE_SIGN_STYLE = Automatic;
				DEVELOPMENT_TEAM = ZR8862QZ87;
				INFOPLIST_FILE = "Pokedex-MDB/Info.plist";
				LD_RUNPATH_SEARCH_PATHS = (
					"$(inherited)",
					"@executable_path/Frameworks",
				);
				PRODUCT_BUNDLE_IDENTIFIER = "brandonhudavid.Pokedex-MDB";
				PRODUCT_NAME = "$(TARGET_NAME)";
				SWIFT_VERSION = 4.0;
				TARGETED_DEVICE_FAMILY = "1,2";
			};
			name = Debug;
		};
		8A05370D2148C0DE000E46AB /* Release */ = {
			isa = XCBuildConfiguration;
			buildSettings = {
				ASSETCATALOG_COMPILER_APPICON_NAME = AppIcon;
				CODE_SIGN_STYLE = Automatic;
				DEVELOPMENT_TEAM = ZR8862QZ87;
				INFOPLIST_FILE = "Pokedex-MDB/Info.plist";
				LD_RUNPATH_SEARCH_PATHS = (
					"$(inherited)",
					"@executable_path/Frameworks",
				);
				PRODUCT_BUNDLE_IDENTIFIER = "brandonhudavid.Pokedex-MDB";
				PRODUCT_NAME = "$(TARGET_NAME)";
				SWIFT_VERSION = 4.0;
				TARGETED_DEVICE_FAMILY = "1,2";
			};
			name = Release;
		};
/* End XCBuildConfiguration section */

/* Begin XCConfigurationList section */
		8A0536F42148C0DC000E46AB /* Build configuration list for PBXProject "Pokedex-MDB" */ = {
			isa = XCConfigurationList;
			buildConfigurations = (
				8A0537092148C0DE000E46AB /* Debug */,
				8A05370A2148C0DE000E46AB /* Release */,
			);
			defaultConfigurationIsVisible = 0;
			defaultConfigurationName = Release;
		};
		8A05370B2148C0DE000E46AB /* Build configuration list for PBXNativeTarget "Pokedex-MDB" */ = {
			isa = XCConfigurationList;
			buildConfigurations = (
				8A05370C2148C0DE000E46AB /* Debug */,
				8A05370D2148C0DE000E46AB /* Release */,
			);
			defaultConfigurationIsVisible = 0;
			defaultConfigurationName = Release;
		};
/* End XCConfigurationList section */
	};
	rootObject = 8A0536F12148C0DC000E46AB /* Project object */;
}
